<?xml version="1.0" encoding="utf-8"?>
<Project ToolsVersion="4.0" xmlns="http://schemas.microsoft.com/developer/msbuild/2003">
  <ItemGroup>
    <Filter Include="Public">
      <UniqueIdentifier>{7c9ea9d5-33ce-4ab4-a5fe-41f736fa73a6}</UniqueIdentifier>
    </Filter>
    <Filter Include="File">
      <UniqueIdentifier>{06fda6c9-25f8-4fb8-966d-bc32ed2e3852}</UniqueIdentifier>
    </Filter>
    <Filter Include="Synchronization">
      <UniqueIdentifier>{8f39f42c-2f57-46a2-8cf5-1a483ada1d81}</UniqueIdentifier>
    </Filter>
    <Filter Include="Pointer">
      <UniqueIdentifier>{9904eba1-bbbc-4604-8c0f-07fdf9b3e8c1}</UniqueIdentifier>
    </Filter>
    <Filter Include="Structure">
      <UniqueIdentifier>{3a23e7a3-0456-49c0-9e0a-c5f5f686709a}</UniqueIdentifier>
    </Filter>
    <Filter Include="Net">
      <UniqueIdentifier>{dd8d359f-53d5-467a-9fa5-1be76e2ace52}</UniqueIdentifier>
    </Filter>
  </ItemGroup>
  <ItemGroup>
    <ClInclude Include="Public.h" />
    <ClInclude Include="Platform.h">
      <Filter>Public</Filter>
    </ClInclude>
    <ClInclude Include="Type.h">
      <Filter>Public</Filter>
    </ClInclude>
    <ClInclude Include="Common.h" />
    <ClInclude Include="Macro.h">
      <Filter>Public</Filter>
    </ClInclude>
    <ClInclude Include="Global.h">
      <Filter>Public</Filter>
    </ClInclude>
    <ClInclude Include="Thread.h">
      <Filter>Synchronization</Filter>
    </ClInclude>
    <ClInclude Include="CriticalSection.h">
      <Filter>Synchronization</Filter>
    </ClInclude>
    <ClInclude Include="Event.h">
      <Filter>Synchronization</Filter>
    </ClInclude>
    <ClInclude Include="Semaphore.h">
      <Filter>Synchronization</Filter>
    </ClInclude>
    <ClInclude Include="RefCounter.h">
      <Filter>Pointer</Filter>
    </ClInclude>
    <ClInclude Include="ScopedArrayPtr.h">
      <Filter>Pointer</Filter>
    </ClInclude>
    <ClInclude Include="ScopedPtr.h">
      <Filter>Pointer</Filter>
    </ClInclude>
    <ClInclude Include="SharedArrayPtr.h">
      <Filter>Pointer</Filter>
    </ClInclude>
    <ClInclude Include="SharedPtr.h">
      <Filter>Pointer</Filter>
    </ClInclude>
    <ClInclude Include="File.h">
      <Filter>File</Filter>
    </ClInclude>
    <ClInclude Include="FileWraper.h">
      <Filter>File</Filter>
    </ClInclude>
    <ClInclude Include="Buffer.h">
      <Filter>Structure</Filter>
    </ClInclude>
    <ClInclude Include="LinkedList.h">
      <Filter>Structure</Filter>
    </ClInclude>
    <ClInclude Include="UniversalQueue.h">
      <Filter>Structure</Filter>
    </ClInclude>
    <ClInclude Include="SocketWrapper.h">
      <Filter>Net</Filter>
    </ClInclude>
    <ClInclude Include="SocketStream.h">
      <Filter>Net</Filter>
    </ClInclude>
    <ClInclude Include="SocketEvent.h">
      <Filter>Net</Filter>
    </ClInclude>
    <ClInclude Include="SocketAcceptor.h">
      <Filter>Net</Filter>
    </ClInclude>
    <ClInclude Include="SelecterServer.h">
      <Filter>Net</Filter>
    </ClInclude>
    <ClInclude Include="FrameControl.h">
      <Filter>Structure</Filter>
    </ClInclude>
    <ClInclude Include="SuperServer.h">
      <Filter>Net</Filter>
    </ClInclude>
    <ClInclude Include="SocketStreamQueue.h">
      <Filter>Net</Filter>
    </ClInclude>
    <ClInclude Include="SocketStreamBuffer.h">
      <Filter>Net</Filter>
    </ClInclude>
  </ItemGroup>
  <ItemGroup>
    <ClCompile Include="Thread.cpp">
      <Filter>Synchronization</Filter>
    </ClCompile>
    <ClCompile Include="CriticalSection.cpp">
      <Filter>Synchronization</Filter>
    </ClCompile>
    <ClCompile Include="Event.cpp">
      <Filter>Synchronization</Filter>
    </ClCompile>
    <ClCompile Include="Semaphore.cpp">
      <Filter>Synchronization</Filter>
    </ClCompile>
    <ClCompile Include="File.cpp">
      <Filter>File</Filter>
    </ClCompile>
    <ClCompile Include="Buffer.cpp">
      <Filter>Structure</Filter>
    </ClCompile>
    <ClCompile Include="SocketWrapper.cpp">
      <Filter>Net</Filter>
    </ClCompile>
    <ClCompile Include="SocketStream.cpp">
      <Filter>Net</Filter>
    </ClCompile>
    <ClCompile Include="SocketEvent.cpp">
      <Filter>Net</Filter>
    </ClCompile>
    <ClCompile Include="SocketAcceptor.cpp">
      <Filter>Net</Filter>
    </ClCompile>
    <ClCompile Include="SelecterServer.cpp">
      <Filter>Net</Filter>
    </ClCompile>
    <ClCompile Include="FrameControl.cpp">
      <Filter>Structure</Filter>
    </ClCompile>
    <ClCompile Include="SuperServer.cpp">
      <Filter>Net</Filter>
    </ClCompile>
    <ClCompile Include="SocketStreamQueue.cpp">
      <Filter>Net</Filter>
    </ClCompile>
    <ClCompile Include="SocketStreamBuffer.cpp">
      <Filter>Net</Filter>
    </ClCompile>
    <ClCompile Include="SocketStreamIocp.cpp">
      <Filter>Net</Filter>
    </ClCompile>
    <ClCompile Include="SocketStreamEpoll.cpp">
      <Filter>Net</Filter>
    </ClCompile>
  </ItemGroup>
</Project>